# THIS IS AN AUTOGENERATED FILE. DO NOT EDIT THIS FILE DIRECTLY.
# yarn lockfile v1


gitbook-plugin-emphasize@^1.1.0:
  version "1.1.0"
  resolved "https://registry.npm.taobao.org/gitbook-plugin-emphasize/download/gitbook-plugin-emphasize-1.1.0.tgz#8638cb16e5d64fc6a9b3ab4cf51f0841df1cb3dd"
  integrity sha1-hjjLFuXWT8aps6tM9R8IQd8cs90=

gitbook-plugin-tbfed-pagefooter@^0.0.1:
  version "0.0.1"
  resolved "https://registry.npm.taobao.org/gitbook-plugin-tbfed-pagefooter/download/gitbook-plugin-tbfed-pagefooter-0.0.1.tgz#16ee784062dd8504264c477e8765fc49c41bed3d"
  integrity sha1-Fu54QGLdhQQmTEd+h2X8ScQb7T0=
  dependencies:
    moment "^2.10.6"

moment@^2.10.6:
  version "2.29.1"
  resolved "https://registry.npm.taobao.org/moment/download/moment-2.29.1.tgz#b2be769fa31940be9eeea6469c075e35006fa3d3"
  integrity sha1-sr52n6MZQL6e7qZGnAdeNQBvo9M=
